// !$*UTF8*$!
{
	archiveVersion = 1;
	classes = {
	};
	objectVersion = 50;
	objects = {

/* Begin PBXBuildFile section */
		E50D883F26771C0400A23DD6 /* CheckError.m in Sources */ = {isa = PBXBuildFile; fileRef = E50D883E26771C0400A23DD6 /* CheckError.m */; };
		E50D884726771DDA00A23DD6 /* OpenExtendedAudioFile.m in Sources */ = {isa = PBXBuildFile; fileRef = E50D884626771DDA00A23DD6 /* OpenExtendedAudioFile.m */; };
		E50D884B26771E1500A23DD6 /* CharPointerFilenameToNSURLp.m in Sources */ = {isa = PBXBuildFile; fileRef = E50D884A26771E1500A23DD6 /* CharPointerFilenameToNSURLp.m */; };
		E50D88512678640F00A23DD6 /* GetExtendedFileAudioStreamBasicDescription.m in Sources */ = {isa = PBXBuildFile; fileRef = E50D88502678640F00A23DD6 /* GetExtendedFileAudioStreamBasicDescription.m */; };
		E50D885726786A7600A23DD6 /* InitializeOutputAudioFile.m in Sources */ = {isa = PBXBuildFile; fileRef = E50D885626786A7600A23DD6 /* InitializeOutputAudioFile.m */; };
		E50D885D2679C1AD00A23DD6 /* NSPrint.m in Sources */ = {isa = PBXBuildFile; fileRef = E50D885C2679C1AD00A23DD6 /* NSPrint.m */; };
		E50D88702679C59E00A23DD6 /* PrintFileAudioInformation.m in Sources */ = {isa = PBXBuildFile; fileRef = E50D88632679C59E00A23DD6 /* PrintFileAudioInformation.m */; };
		E50D88712679C59E00A23DD6 /* PrintAudioFormatFlags.m in Sources */ = {isa = PBXBuildFile; fileRef = E50D88642679C59E00A23DD6 /* PrintAudioFormatFlags.m */; };
		E50D88722679C59E00A23DD6 /* PrintAudioFileDictionary.m in Sources */ = {isa = PBXBuildFile; fileRef = E50D88652679C59E00A23DD6 /* PrintAudioFileDictionary.m */; };
		E50D88732679C59E00A23DD6 /* PrintMagicCookieEncodingInformation.m in Sources */ = {isa = PBXBuildFile; fileRef = E50D88662679C59E00A23DD6 /* PrintMagicCookieEncodingInformation.m */; };
		E50D88742679C59E00A23DD6 /* PrintOutputFileAudioInformation.m in Sources */ = {isa = PBXBuildFile; fileRef = E50D88692679C59E00A23DD6 /* PrintOutputFileAudioInformation.m */; };
		E50D88752679C59E00A23DD6 /* PrintAudioStreamBasicDescription.m in Sources */ = {isa = PBXBuildFile; fileRef = E50D886A2679C59E00A23DD6 /* PrintAudioStreamBasicDescription.m */; };
		E50D88762679C59E00A23DD6 /* PrintAudioFormatID.m in Sources */ = {isa = PBXBuildFile; fileRef = E50D886D2679C59E00A23DD6 /* PrintAudioFormatID.m */; };
		E50D887A2679C65800A23DD6 /* GetAudioFilePropertyInfoDictionary.m in Sources */ = {isa = PBXBuildFile; fileRef = E50D88782679C65800A23DD6 /* GetAudioFilePropertyInfoDictionary.m */; };
		E50D887E2679C69900A23DD6 /* GetEncodingMagicCookie.m in Sources */ = {isa = PBXBuildFile; fileRef = E50D887D2679C69900A23DD6 /* GetEncodingMagicCookie.m */; };
		E50D88822679C6D200A23DD6 /* OpenAudioFile.m in Sources */ = {isa = PBXBuildFile; fileRef = E50D88802679C6D100A23DD6 /* OpenAudioFile.m */; };
		E50D88862679C6FF00A23DD6 /* GetNumberOfPackets.m in Sources */ = {isa = PBXBuildFile; fileRef = E50D88842679C6FF00A23DD6 /* GetNumberOfPackets.m */; };
		E50D888A2679C71A00A23DD6 /* GetMaximumPacketSize.m in Sources */ = {isa = PBXBuildFile; fileRef = E50D88892679C71A00A23DD6 /* GetMaximumPacketSize.m */; };
		E5E240D42675235600F74502 /* main.m in Sources */ = {isa = PBXBuildFile; fileRef = E5E240D32675235600F74502 /* main.m */; };
/* End PBXBuildFile section */

/* Begin PBXCopyFilesBuildPhase section */
		E5E240CE2675235600F74502 /* CopyFiles */ = {
			isa = PBXCopyFilesBuildPhase;
			buildActionMask = 2147483647;
			dstPath = /usr/share/man/man1/;
			dstSubfolderSpec = 0;
			files = (
			);
			runOnlyForDeploymentPostprocessing = 1;
		};
/* End PBXCopyFilesBuildPhase section */

/* Begin PBXFileReference section */
		E50D883E26771C0400A23DD6 /* CheckError.m */ = {isa = PBXFileReference; lastKnownFileType = sourcecode.c.objc; path = CheckError.m; sourceTree = "<group>"; };
		E50D884226771C1800A23DD6 /* CheckError.h */ = {isa = PBXFileReference; lastKnownFileType = sourcecode.c.h; path = CheckError.h; sourceTree = "<group>"; };
		E50D884326771C7E00A23DD6 /* AudioConverterSettings.h */ = {isa = PBXFileReference; lastKnownFileType = sourcecode.c.h; path = AudioConverterSettings.h; sourceTree = "<group>"; };
		E50D884626771DDA00A23DD6 /* OpenExtendedAudioFile.m */ = {isa = PBXFileReference; lastKnownFileType = sourcecode.c.objc; path = OpenExtendedAudioFile.m; sourceTree = "<group>"; };
		E50D884A26771E1500A23DD6 /* CharPointerFilenameToNSURLp.m */ = {isa = PBXFileReference; lastKnownFileType = sourcecode.c.objc; path = CharPointerFilenameToNSURLp.m; sourceTree = "<group>"; };
		E50D884D26771E2F00A23DD6 /* CharPointerFilenameToNSURLp.h */ = {isa = PBXFileReference; lastKnownFileType = sourcecode.c.h; path = CharPointerFilenameToNSURLp.h; sourceTree = "<group>"; };
		E50D884E26771E6600A23DD6 /* OpenExtendedAudioFile.h */ = {isa = PBXFileReference; lastKnownFileType = sourcecode.c.h; path = OpenExtendedAudioFile.h; sourceTree = "<group>"; };
		E50D88502678640F00A23DD6 /* GetExtendedFileAudioStreamBasicDescription.m */ = {isa = PBXFileReference; lastKnownFileType = sourcecode.c.objc; path = GetExtendedFileAudioStreamBasicDescription.m; sourceTree = "<group>"; };
		E50D88532678665900A23DD6 /* GetExtendedFileAudioStreamBasicDescription.h */ = {isa = PBXFileReference; lastKnownFileType = sourcecode.c.h; path = GetExtendedFileAudioStreamBasicDescription.h; sourceTree = "<group>"; };
		E50D885626786A7600A23DD6 /* InitializeOutputAudioFile.m */ = {isa = PBXFileReference; lastKnownFileType = sourcecode.c.objc; path = InitializeOutputAudioFile.m; sourceTree = "<group>"; };
		E50D885A26786A8300A23DD6 /* InitializeOutputAudioFile.h */ = {isa = PBXFileReference; lastKnownFileType = sourcecode.c.h; path = InitializeOutputAudioFile.h; sourceTree = "<group>"; };
		E50D885C2679C1AD00A23DD6 /* NSPrint.m */ = {isa = PBXFileReference; lastKnownFileType = sourcecode.c.objc; path = NSPrint.m; sourceTree = "<group>"; };
		E50D885F2679C1C600A23DD6 /* NSPrint.h */ = {isa = PBXFileReference; lastKnownFileType = sourcecode.c.h; path = NSPrint.h; sourceTree = "<group>"; };
		E50D88622679C59E00A23DD6 /* PrintAudioStreamBasicDescription.h */ = {isa = PBXFileReference; fileEncoding = 4; lastKnownFileType = sourcecode.c.h; path = PrintAudioStreamBasicDescription.h; sourceTree = "<group>"; };
		E50D88632679C59E00A23DD6 /* PrintFileAudioInformation.m */ = {isa = PBXFileReference; fileEncoding = 4; lastKnownFileType = sourcecode.c.objc; path = PrintFileAudioInformation.m; sourceTree = "<group>"; };
		E50D88642679C59E00A23DD6 /* PrintAudioFormatFlags.m */ = {isa = PBXFileReference; fileEncoding = 4; lastKnownFileType = sourcecode.c.objc; path = PrintAudioFormatFlags.m; sourceTree = "<group>"; };
		E50D88652679C59E00A23DD6 /* PrintAudioFileDictionary.m */ = {isa = PBXFileReference; fileEncoding = 4; lastKnownFileType = sourcecode.c.objc; path = PrintAudioFileDictionary.m; sourceTree = "<group>"; };
		E50D88662679C59E00A23DD6 /* PrintMagicCookieEncodingInformation.m */ = {isa = PBXFileReference; fileEncoding = 4; lastKnownFileType = sourcecode.c.objc; path = PrintMagicCookieEncodingInformation.m; sourceTree = "<group>"; };
		E50D88672679C59E00A23DD6 /* PrintAudioFormatFlags.h */ = {isa = PBXFileReference; fileEncoding = 4; lastKnownFileType = sourcecode.c.h; path = PrintAudioFormatFlags.h; sourceTree = "<group>"; };
		E50D88682679C59E00A23DD6 /* PrintFileAudioInformation.h */ = {isa = PBXFileReference; fileEncoding = 4; lastKnownFileType = sourcecode.c.h; path = PrintFileAudioInformation.h; sourceTree = "<group>"; };
		E50D88692679C59E00A23DD6 /* PrintOutputFileAudioInformation.m */ = {isa = PBXFileReference; fileEncoding = 4; lastKnownFileType = sourcecode.c.objc; path = PrintOutputFileAudioInformation.m; sourceTree = "<group>"; };
		E50D886A2679C59E00A23DD6 /* PrintAudioStreamBasicDescription.m */ = {isa = PBXFileReference; fileEncoding = 4; lastKnownFileType = sourcecode.c.objc; path = PrintAudioStreamBasicDescription.m; sourceTree = "<group>"; };
		E50D886B2679C59E00A23DD6 /* PrintAudioFormatID.h */ = {isa = PBXFileReference; fileEncoding = 4; lastKnownFileType = sourcecode.c.h; path = PrintAudioFormatID.h; sourceTree = "<group>"; };
		E50D886C2679C59E00A23DD6 /* PrintMagicCookieEncodingInformation.h */ = {isa = PBXFileReference; fileEncoding = 4; lastKnownFileType = sourcecode.c.h; path = PrintMagicCookieEncodingInformation.h; sourceTree = "<group>"; };
		E50D886D2679C59E00A23DD6 /* PrintAudioFormatID.m */ = {isa = PBXFileReference; fileEncoding = 4; lastKnownFileType = sourcecode.c.objc; path = PrintAudioFormatID.m; sourceTree = "<group>"; };
		E50D886E2679C59E00A23DD6 /* PrintAudioFileDictionary.h */ = {isa = PBXFileReference; fileEncoding = 4; lastKnownFileType = sourcecode.c.h; path = PrintAudioFileDictionary.h; sourceTree = "<group>"; };
		E50D886F2679C59E00A23DD6 /* PrintOutputFileAudioInformation.h */ = {isa = PBXFileReference; fileEncoding = 4; lastKnownFileType = sourcecode.c.h; path = PrintOutputFileAudioInformation.h; sourceTree = "<group>"; };
		E50D88782679C65800A23DD6 /* GetAudioFilePropertyInfoDictionary.m */ = {isa = PBXFileReference; fileEncoding = 4; lastKnownFileType = sourcecode.c.objc; path = GetAudioFilePropertyInfoDictionary.m; sourceTree = "<group>"; };
		E50D88792679C65800A23DD6 /* GetAudioFilePropertyInfoDictionary.h */ = {isa = PBXFileReference; fileEncoding = 4; lastKnownFileType = sourcecode.c.h; path = GetAudioFilePropertyInfoDictionary.h; sourceTree = "<group>"; };
		E50D887C2679C69900A23DD6 /* GetEncodingMagicCookie.h */ = {isa = PBXFileReference; fileEncoding = 4; lastKnownFileType = sourcecode.c.h; path = GetEncodingMagicCookie.h; sourceTree = "<group>"; };
		E50D887D2679C69900A23DD6 /* GetEncodingMagicCookie.m */ = {isa = PBXFileReference; fileEncoding = 4; lastKnownFileType = sourcecode.c.objc; path = GetEncodingMagicCookie.m; sourceTree = "<group>"; };
		E50D88802679C6D100A23DD6 /* OpenAudioFile.m */ = {isa = PBXFileReference; fileEncoding = 4; lastKnownFileType = sourcecode.c.objc; path = OpenAudioFile.m; sourceTree = "<group>"; };
		E50D88812679C6D200A23DD6 /* OpenAudioFile.h */ = {isa = PBXFileReference; fileEncoding = 4; lastKnownFileType = sourcecode.c.h; path = OpenAudioFile.h; sourceTree = "<group>"; };
		E50D88842679C6FF00A23DD6 /* GetNumberOfPackets.m */ = {isa = PBXFileReference; fileEncoding = 4; lastKnownFileType = sourcecode.c.objc; path = GetNumberOfPackets.m; sourceTree = "<group>"; };
		E50D88852679C6FF00A23DD6 /* GetNumberOfPackets.h */ = {isa = PBXFileReference; fileEncoding = 4; lastKnownFileType = sourcecode.c.h; path = GetNumberOfPackets.h; sourceTree = "<group>"; };
		E50D88882679C71A00A23DD6 /* GetMaximumPacketSize.h */ = {isa = PBXFileReference; fileEncoding = 4; lastKnownFileType = sourcecode.c.h; path = GetMaximumPacketSize.h; sourceTree = "<group>"; };
		E50D88892679C71A00A23DD6 /* GetMaximumPacketSize.m */ = {isa = PBXFileReference; fileEncoding = 4; lastKnownFileType = sourcecode.c.objc; path = GetMaximumPacketSize.m; sourceTree = "<group>"; };
		E5E240D02675235600F74502 /* extended_audio_conversion */ = {isa = PBXFileReference; explicitFileType = "compiled.mach-o.executable"; includeInIndex = 0; path = extended_audio_conversion; sourceTree = BUILT_PRODUCTS_DIR; };
		E5E240D32675235600F74502 /* main.m */ = {isa = PBXFileReference; lastKnownFileType = sourcecode.c.objc; path = main.m; sourceTree = "<group>"; };
/* End PBXFileReference section */

/* Begin PBXFrameworksBuildPhase section */
		E5E240CD2675235600F74502 /* Frameworks */ = {
			isa = PBXFrameworksBuildPhase;
			buildActionMask = 2147483647;
			files = (
			);
			runOnlyForDeploymentPostprocessing = 0;
		};
/* End PBXFrameworksBuildPhase section */

/* Begin PBXGroup section */
		E50D883D26771BEE00A23DD6 /* Utils */ = {
			isa = PBXGroup;
			children = (
				E50D883E26771C0400A23DD6 /* CheckError.m */,
				E50D884226771C1800A23DD6 /* CheckError.h */,
				E50D884A26771E1500A23DD6 /* CharPointerFilenameToNSURLp.m */,
				E50D884D26771E2F00A23DD6 /* CharPointerFilenameToNSURLp.h */,
				E50D885C2679C1AD00A23DD6 /* NSPrint.m */,
				E50D885F2679C1C600A23DD6 /* NSPrint.h */,
			);
			path = Utils;
			sourceTree = "<group>";
		};
		E50D884526771DA800A23DD6 /* AudioUtils */ = {
			isa = PBXGroup;
			children = (
				E50D88882679C71A00A23DD6 /* GetMaximumPacketSize.h */,
				E50D88892679C71A00A23DD6 /* GetMaximumPacketSize.m */,
				E50D88852679C6FF00A23DD6 /* GetNumberOfPackets.h */,
				E50D88842679C6FF00A23DD6 /* GetNumberOfPackets.m */,
				E50D88812679C6D200A23DD6 /* OpenAudioFile.h */,
				E50D88802679C6D100A23DD6 /* OpenAudioFile.m */,
				E50D887C2679C69900A23DD6 /* GetEncodingMagicCookie.h */,
				E50D887D2679C69900A23DD6 /* GetEncodingMagicCookie.m */,
				E50D88792679C65800A23DD6 /* GetAudioFilePropertyInfoDictionary.h */,
				E50D88782679C65800A23DD6 /* GetAudioFilePropertyInfoDictionary.m */,
				E50D88612679C4E700A23DD6 /* PrintUtils */,
				E50D884626771DDA00A23DD6 /* OpenExtendedAudioFile.m */,
				E50D884E26771E6600A23DD6 /* OpenExtendedAudioFile.h */,
				E50D88502678640F00A23DD6 /* GetExtendedFileAudioStreamBasicDescription.m */,
				E50D88532678665900A23DD6 /* GetExtendedFileAudioStreamBasicDescription.h */,
				E50D885626786A7600A23DD6 /* InitializeOutputAudioFile.m */,
				E50D885A26786A8300A23DD6 /* InitializeOutputAudioFile.h */,
			);
			path = AudioUtils;
			sourceTree = "<group>";
		};
		E50D88612679C4E700A23DD6 /* PrintUtils */ = {
			isa = PBXGroup;
			children = (
				E50D886E2679C59E00A23DD6 /* PrintAudioFileDictionary.h */,
				E50D88652679C59E00A23DD6 /* PrintAudioFileDictionary.m */,
				E50D88672679C59E00A23DD6 /* PrintAudioFormatFlags.h */,
				E50D88642679C59E00A23DD6 /* PrintAudioFormatFlags.m */,
				E50D886B2679C59E00A23DD6 /* PrintAudioFormatID.h */,
				E50D886D2679C59E00A23DD6 /* PrintAudioFormatID.m */,
				E50D88622679C59E00A23DD6 /* PrintAudioStreamBasicDescription.h */,
				E50D886A2679C59E00A23DD6 /* PrintAudioStreamBasicDescription.m */,
				E50D88682679C59E00A23DD6 /* PrintFileAudioInformation.h */,
				E50D88632679C59E00A23DD6 /* PrintFileAudioInformation.m */,
				E50D886C2679C59E00A23DD6 /* PrintMagicCookieEncodingInformation.h */,
				E50D88662679C59E00A23DD6 /* PrintMagicCookieEncodingInformation.m */,
				E50D886F2679C59E00A23DD6 /* PrintOutputFileAudioInformation.h */,
				E50D88692679C59E00A23DD6 /* PrintOutputFileAudioInformation.m */,
			);
			path = PrintUtils;
			sourceTree = "<group>";
		};
		E5E240C72675235600F74502 = {
			isa = PBXGroup;
			children = (
				E5E240D22675235600F74502 /* extended_audio_conversion */,
				E5E240D12675235600F74502 /* Products */,
			);
			sourceTree = "<group>";
		};
		E5E240D12675235600F74502 /* Products */ = {
			isa = PBXGroup;
			children = (
				E5E240D02675235600F74502 /* extended_audio_conversion */,
			);
			name = Products;
			sourceTree = "<group>";
		};
		E5E240D22675235600F74502 /* extended_audio_conversion */ = {
			isa = PBXGroup;
			children = (
				E50D884526771DA800A23DD6 /* AudioUtils */,
				E50D883D26771BEE00A23DD6 /* Utils */,
				E5E240D32675235600F74502 /* main.m */,
				E50D884326771C7E00A23DD6 /* AudioConverterSettings.h */,
			);
			path = extended_audio_conversion;
			sourceTree = "<group>";
		};
/* End PBXGroup section */

/* Begin PBXNativeTarget section */
		E5E240CF2675235600F74502 /* extended_audio_conversion */ = {
			isa = PBXNativeTarget;
			buildConfigurationList = E5E240D72675235600F74502 /* Build configuration list for PBXNativeTarget "extended_audio_conversion" */;
			buildPhases = (
				E5E240CC2675235600F74502 /* Sources */,
				E5E240CD2675235600F74502 /* Frameworks */,
				E5E240CE2675235600F74502 /* CopyFiles */,
			);
			buildRules = (
			);
			dependencies = (
			);
			name = extended_audio_conversion;
			productName = extended_audio_conversion;
			productReference = E5E240D02675235600F74502 /* extended_audio_conversion */;
			productType = "com.apple.product-type.tool";
		};
/* End PBXNativeTarget section */

/* Begin PBXProject section */
		E5E240C82675235600F74502 /* Project object */ = {
			isa = PBXProject;
			attributes = {
				LastUpgradeCheck = 1240;
				TargetAttributes = {
					E5E240CF2675235600F74502 = {
						CreatedOnToolsVersion = 12.4;
					};
				};
			};
			buildConfigurationList = E5E240CB2675235600F74502 /* Build configuration list for PBXProject "extended_audio_conversion" */;
			compatibilityVersion = "Xcode 9.3";
			developmentRegion = en;
			hasScannedForEncodings = 0;
			knownRegions = (
				en,
				Base,
			);
			mainGroup = E5E240C72675235600F74502;
			productRefGroup = E5E240D12675235600F74502 /* Products */;
			projectDirPath = "";
			projectRoot = "";
			targets = (
				E5E240CF2675235600F74502 /* extended_audio_conversion */,
			);
		};
/* End PBXProject section */

/* Begin PBXSourcesBuildPhase section */
		E5E240CC2675235600F74502 /* Sources */ = {
			isa = PBXSourcesBuildPhase;
			buildActionMask = 2147483647;
			files = (
				E5E240D42675235600F74502 /* main.m in Sources */,
				E50D88512678640F00A23DD6 /* GetExtendedFileAudioStreamBasicDescription.m in Sources */,
				E50D88752679C59E00A23DD6 /* PrintAudioStreamBasicDescription.m in Sources */,
				E50D885D2679C1AD00A23DD6 /* NSPrint.m in Sources */,
				E50D88702679C59E00A23DD6 /* PrintFileAudioInformation.m in Sources */,
				E50D887E2679C69900A23DD6 /* GetEncodingMagicCookie.m in Sources */,
				E50D887A2679C65800A23DD6 /* GetAudioFilePropertyInfoDictionary.m in Sources */,
				E50D88732679C59E00A23DD6 /* PrintMagicCookieEncodingInformation.m in Sources */,
				E50D88822679C6D200A23DD6 /* OpenAudioFile.m in Sources */,
				E50D884726771DDA00A23DD6 /* OpenExtendedAudioFile.m in Sources */,
				E50D88862679C6FF00A23DD6 /* GetNumberOfPackets.m in Sources */,
				E50D88712679C59E00A23DD6 /* PrintAudioFormatFlags.m in Sources */,
				E50D885726786A7600A23DD6 /* InitializeOutputAudioFile.m in Sources */,
				E50D883F26771C0400A23DD6 /* CheckError.m in Sources */,
				E50D88722679C59E00A23DD6 /* PrintAudioFileDictionary.m in Sources */,
				E50D88742679C59E00A23DD6 /* PrintOutputFileAudioInformation.m in Sources */,
				E50D888A2679C71A00A23DD6 /* GetMaximumPacketSize.m in Sources */,
				E50D88762679C59E00A23DD6 /* PrintAudioFormatID.m in Sources */,
				E50D884B26771E1500A23DD6 /* CharPointerFilenameToNSURLp.m in Sources */,
			);
			runOnlyForDeploymentPostprocessing = 0;
		};
/* End PBXSourcesBuildPhase section */

/* Begin XCBuildConfiguration section */
		E5E240D52675235600F74502 /* Debug */ = {
			isa = XCBuildConfiguration;
			buildSettings = {
				ALWAYS_SEARCH_USER_PATHS = NO;
				CLANG_ANALYZER_NONNULL = YES;
				CLANG_ANALYZER_NUMBER_OBJECT_CONVERSION = YES_AGGRESSIVE;
				CLANG_CXX_LANGUAGE_STANDARD = "gnu++14";
				CLANG_CXX_LIBRARY = "libc++";
				CLANG_ENABLE_MODULES = YES;
				CLANG_ENABLE_OBJC_ARC = YES;
				CLANG_ENABLE_OBJC_WEAK = YES;
				CLANG_WARN_BLOCK_CAPTURE_AUTORELEASING = YES;
				CLANG_WARN_BOOL_CONVERSION = YES;
				CLANG_WARN_COMMA = YES;
				CLANG_WARN_CONSTANT_CONVERSION = YES;
				CLANG_WARN_DEPRECATED_OBJC_IMPLEMENTATIONS = YES;
				CLANG_WARN_DIRECT_OBJC_ISA_USAGE = YES_ERROR;
				CLANG_WARN_DOCUMENTATION_COMMENTS = YES;
				CLANG_WARN_EMPTY_BODY = YES;
				CLANG_WARN_ENUM_CONVERSION = YES;
				CLANG_WARN_INFINITE_RECURSION = YES;
				CLANG_WARN_INT_CONVERSION = YES;
				CLANG_WARN_NON_LITERAL_NULL_CONVERSION = YES;
				CLANG_WARN_OBJC_IMPLICIT_RETAIN_SELF = YES;
				CLANG_WARN_OBJC_LITERAL_CONVERSION = YES;
				CLANG_WARN_OBJC_ROOT_CLASS = YES_ERROR;
				CLANG_WARN_QUOTED_INCLUDE_IN_FRAMEWORK_HEADER = YES;
				CLANG_WARN_RANGE_LOOP_ANALYSIS = YES;
				CLANG_WARN_STRICT_PROTOTYPES = YES;
				CLANG_WARN_SUSPICIOUS_MOVE = YES;
				CLANG_WARN_UNGUARDED_AVAILABILITY = YES_AGGRESSIVE;
				CLANG_WARN_UNREACHABLE_CODE = YES;
				CLANG_WARN__DUPLICATE_METHOD_MATCH = YES;
				COPY_PHASE_STRIP = NO;
				DEBUG_INFORMATION_FORMAT = dwarf;
				ENABLE_STRICT_OBJC_MSGSEND = YES;
				ENABLE_TESTABILITY = YES;
				GCC_C_LANGUAGE_STANDARD = gnu11;
				GCC_DYNAMIC_NO_PIC = NO;
				GCC_NO_COMMON_BLOCKS = YES;
				GCC_OPTIMIZATION_LEVEL = 0;
				GCC_PREPROCESSOR_DEFINITIONS = (
					"DEBUG=1",
					"$(inherited)",
				);
				GCC_WARN_64_TO_32_BIT_CONVERSION = YES;
				GCC_WARN_ABOUT_RETURN_TYPE = YES_ERROR;
				GCC_WARN_UNDECLARED_SELECTOR = YES;
				GCC_WARN_UNINITIALIZED_AUTOS = YES_AGGRESSIVE;
				GCC_WARN_UNUSED_FUNCTION = YES;
				GCC_WARN_UNUSED_VARIABLE = YES;
				MACOSX_DEPLOYMENT_TARGET = 10.15;
				MTL_ENABLE_DEBUG_INFO = INCLUDE_SOURCE;
				MTL_FAST_MATH = YES;
				ONLY_ACTIVE_ARCH = YES;
				SDKROOT = macosx;
			};
			name = Debug;
		};
		E5E240D62675235600F74502 /* Release */ = {
			isa = XCBuildConfiguration;
			buildSettings = {
				ALWAYS_SEARCH_USER_PATHS = NO;
				CLANG_ANALYZER_NONNULL = YES;
				CLANG_ANALYZER_NUMBER_OBJECT_CONVERSION = YES_AGGRESSIVE;
				CLANG_CXX_LANGUAGE_STANDARD = "gnu++14";
				CLANG_CXX_LIBRARY = "libc++";
				CLANG_ENABLE_MODULES = YES;
				CLANG_ENABLE_OBJC_ARC = YES;
				CLANG_ENABLE_OBJC_WEAK = YES;
				CLANG_WARN_BLOCK_CAPTURE_AUTORELEASING = YES;
				CLANG_WARN_BOOL_CONVERSION = YES;
				CLANG_WARN_COMMA = YES;
				CLANG_WARN_CONSTANT_CONVERSION = YES;
				CLANG_WARN_DEPRECATED_OBJC_IMPLEMENTATIONS = YES;
				CLANG_WARN_DIRECT_OBJC_ISA_USAGE = YES_ERROR;
				CLANG_WARN_DOCUMENTATION_COMMENTS = YES;
				CLANG_WARN_EMPTY_BODY = YES;
				CLANG_WARN_ENUM_CONVERSION = YES;
				CLANG_WARN_INFINITE_RECURSION = YES;
				CLANG_WARN_INT_CONVERSION = YES;
				CLANG_WARN_NON_LITERAL_NULL_CONVERSION = YES;
				CLANG_WARN_OBJC_IMPLICIT_RETAIN_SELF = YES;
				CLANG_WARN_OBJC_LITERAL_CONVERSION = YES;
				CLANG_WARN_OBJC_ROOT_CLASS = YES_ERROR;
				CLANG_WARN_QUOTED_INCLUDE_IN_FRAMEWORK_HEADER = YES;
				CLANG_WARN_RANGE_LOOP_ANALYSIS = YES;
				CLANG_WARN_STRICT_PROTOTYPES = YES;
				CLANG_WARN_SUSPICIOUS_MOVE = YES;
				CLANG_WARN_UNGUARDED_AVAILABILITY = YES_AGGRESSIVE;
				CLANG_WARN_UNREACHABLE_CODE = YES;
				CLANG_WARN__DUPLICATE_METHOD_MATCH = YES;
				COPY_PHASE_STRIP = NO;
				DEBUG_INFORMATION_FORMAT = "dwarf-with-dsym";
				ENABLE_NS_ASSERTIONS = NO;
				ENABLE_STRICT_OBJC_MSGSEND = YES;
				GCC_C_LANGUAGE_STANDARD = gnu11;
				GCC_NO_COMMON_BLOCKS = YES;
				GCC_WARN_64_TO_32_BIT_CONVERSION = YES;
				GCC_WARN_ABOUT_RETURN_TYPE = YES_ERROR;
				GCC_WARN_UNDECLARED_SELECTOR = YES;
				GCC_WARN_UNINITIALIZED_AUTOS = YES_AGGRESSIVE;
				GCC_WARN_UNUSED_FUNCTION = YES;
				GCC_WARN_UNUSED_VARIABLE = YES;
				MACOSX_DEPLOYMENT_TARGET = 10.15;
				MTL_ENABLE_DEBUG_INFO = NO;
				MTL_FAST_MATH = YES;
				SDKROOT = macosx;
			};
			name = Release;
		};
		E5E240D82675235600F74502 /* Debug */ = {
			isa = XCBuildConfiguration;
			buildSettings = {
				CODE_SIGN_STYLE = Automatic;
				DEVELOPMENT_TEAM = 6EA52N78QZ;
				ENABLE_HARDENED_RUNTIME = YES;
				PRODUCT_NAME = "$(TARGET_NAME)";
			};
			name = Debug;
		};
		E5E240D92675235600F74502 /* Release */ = {
			isa = XCBuildConfiguration;
			buildSettings = {
				CODE_SIGN_STYLE = Automatic;
				DEVELOPMENT_TEAM = 6EA52N78QZ;
				ENABLE_HARDENED_RUNTIME = YES;
				PRODUCT_NAME = "$(TARGET_NAME)";
			};
			name = Release;
		};
/* End XCBuildConfiguration section */

/* Begin XCConfigurationList section */
		E5E240CB2675235600F74502 /* Build configuration list for PBXProject "extended_audio_conversion" */ = {
			isa = XCConfigurationList;
			buildConfigurations = (
				E5E240D52675235600F74502 /* Debug */,
				E5E240D62675235600F74502 /* Release */,
			);
			defaultConfigurationIsVisible = 0;
			defaultConfigurationName = Release;
		};
		E5E240D72675235600F74502 /* Build configuration list for PBXNativeTarget "extended_audio_conversion" */ = {
			isa = XCConfigurationList;
			buildConfigurations = (
				E5E240D82675235600F74502 /* Debug */,
				E5E240D92675235600F74502 /* Release */,
			);
			defaultConfigurationIsVisible = 0;
			defaultConfigurationName = Release;
		};
/* End XCConfigurationList section */
	};
	rootObject = E5E240C82675235600F74502 /* Project object */;
}
